
Microsoft Visual Studio Solution File, Format Version 12.00
# Visual Studio Version 17
VisualStudioVersion = 17.7.34024.191
MinimumVisualStudioVersion = 10.0.40219.1
Project("{8BC9CEB8-8B4A-11D0-8D11-00A0C91BC942}") = "zd_variantA", "zd_variantA.vcxproj", "{34F5B1C4-9FB6-408D-BE56-5BE20467FC1D}"
EndProject
Global
	GlobalSection(SolutionConfigurationPlatforms) = preSolution
		Debug|x64 = Debug|x64
		Debug|x86 = Debug|x86
		Release|x64 = Release|x64
		Release|x86 = Release|x86
	EndGlobalSection
	GlobalSection(ProjectConfigurationPlatforms) = postSolution
		{34F5B1C4-9FB6-408D-BE56-5BE20467FC1D}.Debug|x64.ActiveCfg = Debug|x64
		{34F5B1C4-9FB6-408D-BE56-5BE20467FC1D}.Debug|x64.Build.0 = Debug|x64
		{34F5B1C4-9FB6-408D-BE56-5BE20467FC1D}.Debug|x86.ActiveCfg = Debug|Win32
		{34F5B1C4-9FB6-408D-BE56-5BE20467FC1D}.Debug|x86.Build.0 = Debug|Win32
		{34F5B1C4-9FB6-408D-BE56-5BE20467FC1D}.Release|x64.ActiveCfg = Release|x64
		{34F5B1C4-9FB6-408D-BE56-5BE20467FC1D}.Release|x64.Build.0 = Release|x64
		{34F5B1C4-9FB6-408D-BE56-5BE20467FC1D}.Release|x86.ActiveCfg = Release|Win32
		{34F5B1C4-9FB6-408D-BE56-5BE20467FC1D}.Release|x86.Build.0 = Release|Win32
	EndGlobalSection
	GlobalSection(SolutionProperties) = preSolution
		HideSolutionNode = FALSE
	EndGlobalSection
	GlobalSection(ExtensibilityGlobals) = postSolution
		SolutionGuid = {1A973416-29B3-486B-8A02-52AB8AC7D55F}
	EndGlobalSection
EndGlobal
